
Microsoft Visual Studio Solution File, Format Version 12.00
# Visual Studio 14
VisualStudioVersion = 14.0.25420.1
MinimumVisualStudioVersion = 10.0.40219.1
Project("{2150E333-8FDC-42A3-9474-1A3956D46DE8}") = "02 - Core", "02 - Core", "{FD31CF8B-8AEF-44BE-BE5E-74604FCC26CD}"
EndProject
Project("{2150E333-8FDC-42A3-9474-1A3956D46DE8}") = "01 - Clients", "01 - Clients", "{7B63D2E9-DE77-4B08-811C-59BAE5BC426C}"
EndProject
Project("{2150E333-8FDC-42A3-9474-1A3956D46DE8}") = "03 - Transveral", "03 - Transveral", "{921CBC3B-CF21-4FC9-837E-A229451C16AA}"
EndProject
Project("{FAE04EC0-301F-11D3-BF4B-00C04F79EFBC}") = "VehicleRegistrationPlate.Common", "VehicleRegistrationPlate.Common\VehicleRegistrationPlate.Common.csproj", "{0FFB6568-7016-424D-A6F9-3CEEF07C2178}"
EndProject
Project("{FAE04EC0-301F-11D3-BF4B-00C04F79EFBC}") = "VehicleRegistrationPlate.Core", "VehicleRegistrationPlate.Core\VehicleRegistrationPlate.Core.csproj", "{AA1097A4-15FE-487F-8A82-160E3153A847}"
EndProject
Project("{FAE04EC0-301F-11D3-BF4B-00C04F79EFBC}") = "VehicleRegistrationPlate", "VehicleRegistrationPlate\VehicleRegistrationPlate.csproj", "{AEC682FF-9D02-4665-8BC9-7CB57B16C450}"
EndProject
Global
	GlobalSection(SolutionConfigurationPlatforms) = preSolution
		Debug|Any CPU = Debug|Any CPU
		Release|Any CPU = Release|Any CPU
	EndGlobalSection
	GlobalSection(ProjectConfigurationPlatforms) = postSolution
		{0FFB6568-7016-424D-A6F9-3CEEF07C2178}.Debug|Any CPU.ActiveCfg = Debug|Any CPU
		{0FFB6568-7016-424D-A6F9-3CEEF07C2178}.Debug|Any CPU.Build.0 = Debug|Any CPU
		{0FFB6568-7016-424D-A6F9-3CEEF07C2178}.Release|Any CPU.ActiveCfg = Release|Any CPU
		{0FFB6568-7016-424D-A6F9-3CEEF07C2178}.Release|Any CPU.Build.0 = Release|Any CPU
		{AA1097A4-15FE-487F-8A82-160E3153A847}.Debug|Any CPU.ActiveCfg = Debug|Any CPU
		{AA1097A4-15FE-487F-8A82-160E3153A847}.Debug|Any CPU.Build.0 = Debug|Any CPU
		{AA1097A4-15FE-487F-8A82-160E3153A847}.Release|Any CPU.ActiveCfg = Release|Any CPU
		{AA1097A4-15FE-487F-8A82-160E3153A847}.Release|Any CPU.Build.0 = Release|Any CPU
		{AEC682FF-9D02-4665-8BC9-7CB57B16C450}.Debug|Any CPU.ActiveCfg = Debug|Any CPU
		{AEC682FF-9D02-4665-8BC9-7CB57B16C450}.Debug|Any CPU.Build.0 = Debug|Any CPU
		{AEC682FF-9D02-4665-8BC9-7CB57B16C450}.Release|Any CPU.ActiveCfg = Release|Any CPU
		{AEC682FF-9D02-4665-8BC9-7CB57B16C450}.Release|Any CPU.Build.0 = Release|Any CPU
	EndGlobalSection
	GlobalSection(SolutionProperties) = preSolution
		HideSolutionNode = FALSE
	EndGlobalSection
	GlobalSection(NestedProjects) = preSolution
		{0FFB6568-7016-424D-A6F9-3CEEF07C2178} = {921CBC3B-CF21-4FC9-837E-A229451C16AA}
		{AA1097A4-15FE-487F-8A82-160E3153A847} = {FD31CF8B-8AEF-44BE-BE5E-74604FCC26CD}
		{AEC682FF-9D02-4665-8BC9-7CB57B16C450} = {7B63D2E9-DE77-4B08-811C-59BAE5BC426C}
	EndGlobalSection
EndGlobal
